
Microsoft Visual Studio Solution File, Format Version 12.00
# Visual Studio Version 17
VisualStudioVersion = 17.7.34031.279
MinimumVisualStudioVersion = 10.0.40219.1
Project("{FAE04EC0-301F-11D3-BF4B-00C04F79EFBC}") = "Practica 16", "Practica 16.csproj", "{EEE73C52-4078-4BBB-89F4-3BA8CA004439}"
EndProject
Global
	GlobalSection(SolutionConfigurationPlatforms) = preSolution
		Debug|Any CPU = Debug|Any CPU
		Release|Any CPU = Release|Any CPU
	EndGlobalSection
	GlobalSection(ProjectConfigurationPlatforms) = postSolution
		{EEE73C52-4078-4BBB-89F4-3BA8CA004439}.Debug|Any CPU.ActiveCfg = Debug|Any CPU
		{EEE73C52-4078-4BBB-89F4-3BA8CA004439}.Debug|Any CPU.Build.0 = Debug|Any CPU
		{EEE73C52-4078-4BBB-89F4-3BA8CA004439}.Release|Any CPU.ActiveCfg = Release|Any CPU
		{EEE73C52-4078-4BBB-89F4-3BA8CA004439}.Release|Any CPU.Build.0 = Release|Any CPU
	EndGlobalSection
	GlobalSection(SolutionProperties) = preSolution
		HideSolutionNode = FALSE
	EndGlobalSection
	GlobalSection(ExtensibilityGlobals) = postSolution
		SolutionGuid = {988EB273-66BC-434C-8569-979904EAE5B1}
	EndGlobalSection
EndGlobal
